
Microsoft Visual Studio Solution File, Format Version 12.00
# Visual Studio 2013
VisualStudioVersion = 12.0.21005.1
MinimumVisualStudioVersion = 10.0.40219.1
Project("{FAE04EC0-301F-11D3-BF4B-00C04F79EFBC}") = "WebUI", "WebUI\WebUI.csproj", "{069D1C01-5C89-4E1D-ADFE-2D7AC65A0B2A}"
EndProject
Project("{FAE04EC0-301F-11D3-BF4B-00C04F79EFBC}") = "DAL", "DAL\DAL.csproj", "{7B9F06A5-4449-498F-B74D-87FD32119EA5}"
EndProject
Global
	GlobalSection(SolutionConfigurationPlatforms) = preSolution
		Debug|Any CPU = Debug|Any CPU
		Release|Any CPU = Release|Any CPU
	EndGlobalSection
	GlobalSection(ProjectConfigurationPlatforms) = postSolution
		{069D1C01-5C89-4E1D-ADFE-2D7AC65A0B2A}.Debug|Any CPU.ActiveCfg = Debug|Any CPU
		{069D1C01-5C89-4E1D-ADFE-2D7AC65A0B2A}.Debug|Any CPU.Build.0 = Debug|Any CPU
		{069D1C01-5C89-4E1D-ADFE-2D7AC65A0B2A}.Release|Any CPU.ActiveCfg = Release|Any CPU
		{069D1C01-5C89-4E1D-ADFE-2D7AC65A0B2A}.Release|Any CPU.Build.0 = Release|Any CPU
		{7B9F06A5-4449-498F-B74D-87FD32119EA5}.Debug|Any CPU.ActiveCfg = Debug|Any CPU
		{7B9F06A5-4449-498F-B74D-87FD32119EA5}.Debug|Any CPU.Build.0 = Debug|Any CPU
		{7B9F06A5-4449-498F-B74D-87FD32119EA5}.Release|Any CPU.ActiveCfg = Release|Any CPU
		{7B9F06A5-4449-498F-B74D-87FD32119EA5}.Release|Any CPU.Build.0 = Release|Any CPU
	EndGlobalSection
	GlobalSection(SolutionProperties) = preSolution
		HideSolutionNode = FALSE
	EndGlobalSection
EndGlobal
